// !$*UTF8*$!
{
	archiveVersion = 1;
	classes = {
	};
	objectVersion = 50;
	objects = {

/* Begin PBXBuildFile section */
		5945E0D525AF66B5007E5733 /* AppDelegate.swift in Sources */ = {isa = PBXBuildFile; fileRef = 5945E0D425AF66B5007E5733 /* AppDelegate.swift */; };
		5945E0D725AF66B5007E5733 /* SceneDelegate.swift in Sources */ = {isa = PBXBuildFile; fileRef = 5945E0D625AF66B5007E5733 /* SceneDelegate.swift */; };
		5945E0D925AF66B5007E5733 /* ViewController.swift in Sources */ = {isa = PBXBuildFile; fileRef = 5945E0D825AF66B5007E5733 /* ViewController.swift */; };
		5945E0DC25AF66B5007E5733 /* Main.storyboard in Resources */ = {isa = PBXBuildFile; fileRef = 5945E0DA25AF66B5007E5733 /* Main.storyboard */; };
		5945E0DE25AF66B6007E5733 /* Assets.xcassets in Resources */ = {isa = PBXBuildFile; fileRef = 5945E0DD25AF66B6007E5733 /* Assets.xcassets */; };
		5945E0E125AF66B6007E5733 /* LaunchScreen.storyboard in Resources */ = {isa = PBXBuildFile; fileRef = 5945E0DF25AF66B6007E5733 /* LaunchScreen.storyboard */; };
/* End PBXBuildFile section */

/* Begin PBXFileReference section */
		5945E0D125AF66B5007E5733 /* FloorIsLava.app */ = {isa = PBXFileReference; explicitFileType = wrapper.application; includeInIndex = 0; path = FloorIsLava.app; sourceTree = BUILT_PRODUCTS_DIR; };
		5945E0D425AF66B5007E5733 /* AppDelegate.swift */ = {isa = PBXFileReference; lastKnownFileType = sourcecode.swift; path = AppDelegate.swift; sourceTree = "<group>"; };
		5945E0D625AF66B5007E5733 /* SceneDelegate.swift */ = {isa = PBXFileReference; lastKnownFileType = sourcecode.swift; path = SceneDelegate.swift; sourceTree = "<group>"; };
		5945E0D825AF66B5007E5733 /* ViewController.swift */ = {isa = PBXFileReference; lastKnownFileType = sourcecode.swift; path = ViewController.swift; sourceTree = "<group>"; };
		5945E0DB25AF66B5007E5733 /* Base */ = {isa = PBXFileReference; lastKnownFileType = file.storyboard; name = Base; path = Base.lproj/Main.storyboard; sourceTree = "<group>"; };
		5945E0DD25AF66B6007E5733 /* Assets.xcassets */ = {isa = PBXFileReference; lastKnownFileType = folder.assetcatalog; path = Assets.xcassets; sourceTree = "<group>"; };
		5945E0E025AF66B6007E5733 /* Base */ = {isa = PBXFileReference; lastKnownFileType = file.storyboard; name = Base; path = Base.lproj/LaunchScreen.storyboard; sourceTree = "<group>"; };
		5945E0E225AF66B6007E5733 /* Info.plist */ = {isa = PBXFileReference; lastKnownFileType = text.plist.xml; path = Info.plist; sourceTree = "<group>"; };
/* End PBXFileReference section */

/* Begin PBXFrameworksBuildPhase section */
		5945E0CE25AF66B5007E5733 /* Frameworks */ = {
			isa = PBXFrameworksBuildPhase;
			buildActionMask = 2147483647;
			files = (
			);
			runOnlyForDeploymentPostprocessing = 0;
		};
/* End PBXFrameworksBuildPhase section */

/* Begin PBXGroup section */
		5945E0C825AF66B4007E5733 = {
			isa = PBXGroup;
			children = (
				5945E0D325AF66B5007E5733 /* FloorIsLava */,
				5945E0D225AF66B5007E5733 /* Products */,
			);
			sourceTree = "<group>";
		};
		5945E0D225AF66B5007E5733 /* Products */ = {
			isa = PBXGroup;
			children = (
				5945E0D125AF66B5007E5733 /* FloorIsLava.app */,
			);
			name = Products;
			sourceTree = "<group>";
		};
		5945E0D325AF66B5007E5733 /* FloorIsLava */ = {
			isa = PBXGroup;
			children = (
				5945E0D425AF66B5007E5733 /* AppDelegate.swift */,
				5945E0D625AF66B5007E5733 /* SceneDelegate.swift */,
				5945E0D825AF66B5007E5733 /* ViewController.swift */,
				5945E0DA25AF66B5007E5733 /* Main.storyboard */,
				5945E0DD25AF66B6007E5733 /* Assets.xcassets */,
				5945E0DF25AF66B6007E5733 /* LaunchScreen.storyboard */,
				5945E0E225AF66B6007E5733 /* Info.plist */,
			);
			path = FloorIsLava;
			sourceTree = "<group>";
		};
/* End PBXGroup section */

/* Begin PBXNativeTarget section */
		5945E0D025AF66B5007E5733 /* FloorIsLava */ = {
			isa = PBXNativeTarget;
			buildConfigurationList = 5945E0E525AF66B6007E5733 /* Build configuration list for PBXNativeTarget "FloorIsLava" */;
			buildPhases = (
				5945E0CD25AF66B5007E5733 /* Sources */,
				5945E0CE25AF66B5007E5733 /* Frameworks */,
				5945E0CF25AF66B5007E5733 /* Resources */,
			);
			buildRules = (
			);
			dependencies = (
			);
			name = FloorIsLava;
			productName = FloorIsLava;
			productReference = 5945E0D125AF66B5007E5733 /* FloorIsLava.app */;
			productType = "com.apple.product-type.application";
		};
/* End PBXNativeTarget section */

/* Begin PBXProject section */
		5945E0C925AF66B4007E5733 /* Project object */ = {
			isa = PBXProject;
			attributes = {
				LastSwiftUpdateCheck = 1230;
				LastUpgradeCheck = 1230;
				TargetAttributes = {
					5945E0D025AF66B5007E5733 = {
						CreatedOnToolsVersion = 12.3;
					};
				};
			};
			buildConfigurationList = 5945E0CC25AF66B4007E5733 /* Build configuration list for PBXProject "FloorIsLava" */;
			compatibilityVersion = "Xcode 9.3";
			developmentRegion = en;
			hasScannedForEncodings = 0;
			knownRegions = (
				en,
				Base,
			);
			mainGroup = 5945E0C825AF66B4007E5733;
			productRefGroup = 5945E0D225AF66B5007E5733 /* Products */;
			projectDirPath = "";
			projectRoot = "";
			targets = (
				5945E0D025AF66B5007E5733 /* FloorIsLava */,
			);
		};
/* End PBXProject section */

/* Begin PBXResourcesBuildPhase section */
		5945E0CF25AF66B5007E5733 /* Resources */ = {
			isa = PBXResourcesBuildPhase;
			buildActionMask = 2147483647;
			files = (
				5945E0E125AF66B6007E5733 /* LaunchScreen.storyboard in Resources */,
				5945E0DE25AF66B6007E5733 /* Assets.xcassets in Resources */,
				5945E0DC25AF66B5007E5733 /* Main.storyboard in Resources */,
			);
			runOnlyForDeploymentPostprocessing = 0;
		};
/* End PBXResourcesBuildPhase section */

/* Begin PBXSourcesBuildPhase section */
		5945E0CD25AF66B5007E5733 /* Sources */ = {
			isa = PBXSourcesBuildPhase;
			buildActionMask = 2147483647;
			files = (
				5945E0D925AF66B5007E5733 /* ViewController.swift in Sources */,
				5945E0D525AF66B5007E5733 /* AppDelegate.swift in Sources */,
				5945E0D725AF66B5007E5733 /* SceneDelegate.swift in Sources */,
			);
			runOnlyForDeploymentPostprocessing = 0;
		};
/* End PBXSourcesBuildPhase section */

/* Begin PBXVariantGroup section */
		5945E0DA25AF66B5007E5733 /* Main.storyboard */ = {
			isa = PBXVariantGroup;
			children = (
				5945E0DB25AF66B5007E5733 /* Base */,
			);
			name = Main.storyboard;
			sourceTree = "<group>";
		};
		5945E0DF25AF66B6007E5733 /* LaunchScreen.storyboard */ = {
			isa = PBXVariantGroup;
			children = (
				5945E0E025AF66B6007E5733 /* Base */,
			);
			name = LaunchScreen.storyboard;
			sourceTree = "<group>";
		};
/* End PBXVariantGroup section */

/* Begin XCBuildConfiguration section */
		5945E0E325AF66B6007E5733 /* Debug */ = {
			isa = XCBuildConfiguration;
			buildSettings = {
				ALWAYS_SEARCH_USER_PATHS = NO;
				CLANG_ANALYZER_NONNULL = YES;
				CLANG_ANALYZER_NUMBER_OBJECT_CONVERSION = YES_AGGRESSIVE;
				CLANG_CXX_LANGUAGE_STANDARD = "gnu++14";
				CLANG_CXX_LIBRARY = "libc++";
				CLANG_ENABLE_MODULES = YES;
				CLANG_ENABLE_OBJC_ARC = YES;
				CLANG_ENABLE_OBJC_WEAK = YES;
				CLANG_WARN_BLOCK_CAPTURE_AUTORELEASING = YES;
				CLANG_WARN_BOOL_CONVERSION = YES;
				CLANG_WARN_COMMA = YES;
				CLANG_WARN_CONSTANT_CONVERSION = YES;
				CLANG_WARN_DEPRECATED_OBJC_IMPLEMENTATIONS = YES;
				CLANG_WARN_DIRECT_OBJC_ISA_USAGE = YES_ERROR;
				CLANG_WARN_DOCUMENTATION_COMMENTS = YES;
				CLANG_WARN_EMPTY_BODY = YES;
				CLANG_WARN_ENUM_CONVERSION = YES;
				CLANG_WARN_INFINITE_RECURSION = YES;
				CLANG_WARN_INT_CONVERSION = YES;
				CLANG_WARN_NON_LITERAL_NULL_CONVERSION = YES;
				CLANG_WARN_OBJC_IMPLICIT_RETAIN_SELF = YES;
				CLANG_WARN_OBJC_LITERAL_CONVERSION = YES;
				CLANG_WARN_OBJC_ROOT_CLASS = YES_ERROR;
				CLANG_WARN_QUOTED_INCLUDE_IN_FRAMEWORK_HEADER = YES;
				CLANG_WARN_RANGE_LOOP_ANALYSIS = YES;
				CLANG_WARN_STRICT_PROTOTYPES = YES;
				CLANG_WARN_SUSPICIOUS_MOVE = YES;
				CLANG_WARN_UNGUARDED_AVAILABILITY = YES_AGGRESSIVE;
				CLANG_WARN_UNREACHABLE_CODE = YES;
				CLANG_WARN__DUPLICATE_METHOD_MATCH = YES;
				COPY_PHASE_STRIP = NO;
				DEBUG_INFORMATION_FORMAT = dwarf;
				ENABLE_STRICT_OBJC_MSGSEND = YES;
				ENABLE_TESTABILITY = YES;
				GCC_C_LANGUAGE_STANDARD = gnu11;
				GCC_DYNAMIC_NO_PIC = NO;
				GCC_NO_COMMON_BLOCKS = YES;
				GCC_OPTIMIZATION_LEVEL = 0;
				GCC_PREPROCESSOR_DEFINITIONS = (
					"DEBUG=1",
					"$(inherited)",
				);
				GCC_WARN_64_TO_32_BIT_CONVERSION = YES;
				GCC_WARN_ABOUT_RETURN_TYPE = YES_ERROR;
				GCC_WARN_UNDECLARED_SELECTOR = YES;
				GCC_WARN_UNINITIALIZED_AUTOS = YES_AGGRESSIVE;
				GCC_WARN_UNUSED_FUNCTION = YES;
				GCC_WARN_UNUSED_VARIABLE = YES;
				IPHONEOS_DEPLOYMENT_TARGET = 14.3;
				MTL_ENABLE_DEBUG_INFO = INCLUDE_SOURCE;
				MTL_FAST_MATH = YES;
				ONLY_ACTIVE_ARCH = YES;
				SDKROOT = iphoneos;
				SWIFT_ACTIVE_COMPILATION_CONDITIONS = DEBUG;
				SWIFT_OPTIMIZATION_LEVEL = "-Onone";
			};
			name = Debug;
		};
		5945E0E425AF66B6007E5733 /* Release */ = {
			isa = XCBuildConfiguration;
			buildSettings = {
				ALWAYS_SEARCH_USER_PATHS = NO;
				CLANG_ANALYZER_NONNULL = YES;
				CLANG_ANALYZER_NUMBER_OBJECT_CONVERSION = YES_AGGRESSIVE;
				CLANG_CXX_LANGUAGE_STANDARD = "gnu++14";
				CLANG_CXX_LIBRARY = "libc++";
				CLANG_ENABLE_MODULES = YES;
				CLANG_ENABLE_OBJC_ARC = YES;
				CLANG_ENABLE_OBJC_WEAK = YES;
				CLANG_WARN_BLOCK_CAPTURE_AUTORELEASING = YES;
				CLANG_WARN_BOOL_CONVERSION = YES;
				CLANG_WARN_COMMA = YES;
				CLANG_WARN_CONSTANT_CONVERSION = YES;
				CLANG_WARN_DEPRECATED_OBJC_IMPLEMENTATIONS = YES;
				CLANG_WARN_DIRECT_OBJC_ISA_USAGE = YES_ERROR;
				CLANG_WARN_DOCUMENTATION_COMMENTS = YES;
				CLANG_WARN_EMPTY_BODY = YES;
				CLANG_WARN_ENUM_CONVERSION = YES;
				CLANG_WARN_INFINITE_RECURSION = YES;
				CLANG_WARN_INT_CONVERSION = YES;
				CLANG_WARN_NON_LITERAL_NULL_CONVERSION = YES;
				CLANG_WARN_OBJC_IMPLICIT_RETAIN_SELF = YES;
				CLANG_WARN_OBJC_LITERAL_CONVERSION = YES;
				CLANG_WARN_OBJC_ROOT_CLASS = YES_ERROR;
				CLANG_WARN_QUOTED_INCLUDE_IN_FRAMEWORK_HEADER = YES;
				CLANG_WARN_RANGE_LOOP_ANALYSIS = YES;
				CLANG_WARN_STRICT_PROTOTYPES = YES;
				CLANG_WARN_SUSPICIOUS_MOVE = YES;
				CLANG_WARN_UNGUARDED_AVAILABILITY = YES_AGGRESSIVE;
				CLANG_WARN_UNREACHABLE_CODE = YES;
				CLANG_WARN__DUPLICATE_METHOD_MATCH = YES;
				COPY_PHASE_STRIP = NO;
				DEBUG_INFORMATION_FORMAT = "dwarf-with-dsym";
				ENABLE_NS_ASSERTIONS = NO;
				ENABLE_STRICT_OBJC_MSGSEND = YES;
				GCC_C_LANGUAGE_STANDARD = gnu11;
				GCC_NO_COMMON_BLOCKS = YES;
				GCC_WARN_64_TO_32_BIT_CONVERSION = YES;
				GCC_WARN_ABOUT_RETURN_TYPE = YES_ERROR;
				GCC_WARN_UNDECLARED_SELECTOR = YES;
				GCC_WARN_UNINITIALIZED_AUTOS = YES_AGGRESSIVE;
				GCC_WARN_UNUSED_FUNCTION = YES;
				GCC_WARN_UNUSED_VARIABLE = YES;
				IPHONEOS_DEPLOYMENT_TARGET = 14.3;
				MTL_ENABLE_DEBUG_INFO = NO;
				MTL_FAST_MATH = YES;
				SDKROOT = iphoneos;
				SWIFT_COMPILATION_MODE = wholemodule;
				SWIFT_OPTIMIZATION_LEVEL = "-O";
				VALIDATE_PRODUCT = YES;
			};
			name = Release;
		};
		5945E0E625AF66B6007E5733 /* Debug */ = {
			isa = XCBuildConfiguration;
			buildSettings = {
				ASSETCATALOG_COMPILER_APPICON_NAME = AppIcon;
				ASSETCATALOG_COMPILER_GLOBAL_ACCENT_COLOR_NAME = AccentColor;
				CODE_SIGN_STYLE = Automatic;
				DEVELOPMENT_TEAM = 256H88RX93;
				INFOPLIST_FILE = FloorIsLava/Info.plist;
				LD_RUNPATH_SEARCH_PATHS = (
					"$(inherited)",
					"@executable_path/Frameworks",
				);
				PRODUCT_BUNDLE_IDENTIFIER = com.eavictor.FloorIsLava;
				PRODUCT_NAME = "$(TARGET_NAME)";
				SWIFT_VERSION = 5.0;
				TARGETED_DEVICE_FAMILY = "1,2";
			};
			name = Debug;
		};
		5945E0E725AF66B6007E5733 /* Release */ = {
			isa = XCBuildConfiguration;
			buildSettings = {
				ASSETCATALOG_COMPILER_APPICON_NAME = AppIcon;
				ASSETCATALOG_COMPILER_GLOBAL_ACCENT_COLOR_NAME = AccentColor;
				CODE_SIGN_STYLE = Automatic;
				DEVELOPMENT_TEAM = 256H88RX93;
				INFOPLIST_FILE = FloorIsLava/Info.plist;
				LD_RUNPATH_SEARCH_PATHS = (
					"$(inherited)",
					"@executable_path/Frameworks",
				);
				PRODUCT_BUNDLE_IDENTIFIER = com.eavictor.FloorIsLava;
				PRODUCT_NAME = "$(TARGET_NAME)";
				SWIFT_VERSION = 5.0;
				TARGETED_DEVICE_FAMILY = "1,2";
			};
			name = Release;
		};
/* End XCBuildConfiguration section */

/* Begin XCConfigurationList section */
		5945E0CC25AF66B4007E5733 /* Build configuration list for PBXProject "FloorIsLava" */ = {
			isa = XCConfigurationList;
			buildConfigurations = (
				5945E0E325AF66B6007E5733 /* Debug */,
				5945E0E425AF66B6007E5733 /* Release */,
			);
			defaultConfigurationIsVisible = 0;
			defaultConfigurationName = Release;
		};
		5945E0E525AF66B6007E5733 /* Build configuration list for PBXNativeTarget "FloorIsLava" */ = {
			isa = XCConfigurationList;
			buildConfigurations = (
				5945E0E625AF66B6007E5733 /* Debug */,
				5945E0E725AF66B6007E5733 /* Release */,
			);
			defaultConfigurationIsVisible = 0;
			defaultConfigurationName = Release;
		};
/* End XCConfigurationList section */
	};
	rootObject = 5945E0C925AF66B4007E5733 /* Project object */;
}
