// !$*UTF8*$!
{
	archiveVersion = 1;
	classes = {
	};
	objectVersion = 50;
	objects = {

/* Begin PBXBuildFile section */
		59457BF8258F2D3F00AEC4FD /* AppDelegate.swift in Sources */ = {isa = PBXBuildFile; fileRef = 59457BF7258F2D3F00AEC4FD /* AppDelegate.swift */; };
		59457BFA258F2D3F00AEC4FD /* SceneDelegate.swift in Sources */ = {isa = PBXBuildFile; fileRef = 59457BF9258F2D3F00AEC4FD /* SceneDelegate.swift */; };
		59457BFC258F2D3F00AEC4FD /* ViewController.swift in Sources */ = {isa = PBXBuildFile; fileRef = 59457BFB258F2D3F00AEC4FD /* ViewController.swift */; };
		59457BFF258F2D3F00AEC4FD /* Main.storyboard in Resources */ = {isa = PBXBuildFile; fileRef = 59457BFD258F2D3F00AEC4FD /* Main.storyboard */; };
		59457C01258F2D4400AEC4FD /* Assets.xcassets in Resources */ = {isa = PBXBuildFile; fileRef = 59457C00258F2D4400AEC4FD /* Assets.xcassets */; };
		59457C04258F2D4400AEC4FD /* LaunchScreen.storyboard in Resources */ = {isa = PBXBuildFile; fileRef = 59457C02258F2D4400AEC4FD /* LaunchScreen.storyboard */; };
		59457C0D258F2FB700AEC4FD /* たぬきちの冒険.mp3 in Resources */ = {isa = PBXBuildFile; fileRef = 59457C0C258F2FB700AEC4FD /* たぬきちの冒険.mp3 */; };
/* End PBXBuildFile section */

/* Begin PBXFileReference section */
		59457BF4258F2D3F00AEC4FD /* HelloPlayAudio.app */ = {isa = PBXFileReference; explicitFileType = wrapper.application; includeInIndex = 0; path = HelloPlayAudio.app; sourceTree = BUILT_PRODUCTS_DIR; };
		59457BF7258F2D3F00AEC4FD /* AppDelegate.swift */ = {isa = PBXFileReference; lastKnownFileType = sourcecode.swift; path = AppDelegate.swift; sourceTree = "<group>"; };
		59457BF9258F2D3F00AEC4FD /* SceneDelegate.swift */ = {isa = PBXFileReference; lastKnownFileType = sourcecode.swift; path = SceneDelegate.swift; sourceTree = "<group>"; };
		59457BFB258F2D3F00AEC4FD /* ViewController.swift */ = {isa = PBXFileReference; lastKnownFileType = sourcecode.swift; path = ViewController.swift; sourceTree = "<group>"; };
		59457BFE258F2D3F00AEC4FD /* Base */ = {isa = PBXFileReference; lastKnownFileType = file.storyboard; name = Base; path = Base.lproj/Main.storyboard; sourceTree = "<group>"; };
		59457C00258F2D4400AEC4FD /* Assets.xcassets */ = {isa = PBXFileReference; lastKnownFileType = folder.assetcatalog; path = Assets.xcassets; sourceTree = "<group>"; };
		59457C03258F2D4400AEC4FD /* Base */ = {isa = PBXFileReference; lastKnownFileType = file.storyboard; name = Base; path = Base.lproj/LaunchScreen.storyboard; sourceTree = "<group>"; };
		59457C05258F2D4400AEC4FD /* Info.plist */ = {isa = PBXFileReference; lastKnownFileType = text.plist.xml; path = Info.plist; sourceTree = "<group>"; };
		59457C0C258F2FB700AEC4FD /* たぬきちの冒険.mp3 */ = {isa = PBXFileReference; lastKnownFileType = audio.mp3; path = "たぬきちの冒険.mp3"; sourceTree = "<group>"; };
/* End PBXFileReference section */

/* Begin PBXFrameworksBuildPhase section */
		59457BF1258F2D3F00AEC4FD /* Frameworks */ = {
			isa = PBXFrameworksBuildPhase;
			buildActionMask = 2147483647;
			files = (
			);
			runOnlyForDeploymentPostprocessing = 0;
		};
/* End PBXFrameworksBuildPhase section */

/* Begin PBXGroup section */
		59457BEB258F2D3F00AEC4FD = {
			isa = PBXGroup;
			children = (
				59457BF6258F2D3F00AEC4FD /* HelloPlayAudio */,
				59457BF5258F2D3F00AEC4FD /* Products */,
			);
			sourceTree = "<group>";
		};
		59457BF5258F2D3F00AEC4FD /* Products */ = {
			isa = PBXGroup;
			children = (
				59457BF4258F2D3F00AEC4FD /* HelloPlayAudio.app */,
			);
			name = Products;
			sourceTree = "<group>";
		};
		59457BF6258F2D3F00AEC4FD /* HelloPlayAudio */ = {
			isa = PBXGroup;
			children = (
				59457BF7258F2D3F00AEC4FD /* AppDelegate.swift */,
				59457BF9258F2D3F00AEC4FD /* SceneDelegate.swift */,
				59457BFB258F2D3F00AEC4FD /* ViewController.swift */,
				59457C0C258F2FB700AEC4FD /* たぬきちの冒険.mp3 */,
				59457BFD258F2D3F00AEC4FD /* Main.storyboard */,
				59457C00258F2D4400AEC4FD /* Assets.xcassets */,
				59457C02258F2D4400AEC4FD /* LaunchScreen.storyboard */,
				59457C05258F2D4400AEC4FD /* Info.plist */,
			);
			path = HelloPlayAudio;
			sourceTree = "<group>";
		};
/* End PBXGroup section */

/* Begin PBXNativeTarget section */
		59457BF3258F2D3F00AEC4FD /* HelloPlayAudio */ = {
			isa = PBXNativeTarget;
			buildConfigurationList = 59457C08258F2D4400AEC4FD /* Build configuration list for PBXNativeTarget "HelloPlayAudio" */;
			buildPhases = (
				59457BF0258F2D3F00AEC4FD /* Sources */,
				59457BF1258F2D3F00AEC4FD /* Frameworks */,
				59457BF2258F2D3F00AEC4FD /* Resources */,
			);
			buildRules = (
			);
			dependencies = (
			);
			name = HelloPlayAudio;
			productName = HelloPlayAudio;
			productReference = 59457BF4258F2D3F00AEC4FD /* HelloPlayAudio.app */;
			productType = "com.apple.product-type.application";
		};
/* End PBXNativeTarget section */

/* Begin PBXProject section */
		59457BEC258F2D3F00AEC4FD /* Project object */ = {
			isa = PBXProject;
			attributes = {
				LastSwiftUpdateCheck = 1230;
				LastUpgradeCheck = 1230;
				TargetAttributes = {
					59457BF3258F2D3F00AEC4FD = {
						CreatedOnToolsVersion = 12.3;
					};
				};
			};
			buildConfigurationList = 59457BEF258F2D3F00AEC4FD /* Build configuration list for PBXProject "HelloPlayAudio" */;
			compatibilityVersion = "Xcode 9.3";
			developmentRegion = en;
			hasScannedForEncodings = 0;
			knownRegions = (
				en,
				Base,
			);
			mainGroup = 59457BEB258F2D3F00AEC4FD;
			productRefGroup = 59457BF5258F2D3F00AEC4FD /* Products */;
			projectDirPath = "";
			projectRoot = "";
			targets = (
				59457BF3258F2D3F00AEC4FD /* HelloPlayAudio */,
			);
		};
/* End PBXProject section */

/* Begin PBXResourcesBuildPhase section */
		59457BF2258F2D3F00AEC4FD /* Resources */ = {
			isa = PBXResourcesBuildPhase;
			buildActionMask = 2147483647;
			files = (
				59457C0D258F2FB700AEC4FD /* たぬきちの冒険.mp3 in Resources */,
				59457C04258F2D4400AEC4FD /* LaunchScreen.storyboard in Resources */,
				59457C01258F2D4400AEC4FD /* Assets.xcassets in Resources */,
				59457BFF258F2D3F00AEC4FD /* Main.storyboard in Resources */,
			);
			runOnlyForDeploymentPostprocessing = 0;
		};
/* End PBXResourcesBuildPhase section */

/* Begin PBXSourcesBuildPhase section */
		59457BF0258F2D3F00AEC4FD /* Sources */ = {
			isa = PBXSourcesBuildPhase;
			buildActionMask = 2147483647;
			files = (
				59457BFC258F2D3F00AEC4FD /* ViewController.swift in Sources */,
				59457BF8258F2D3F00AEC4FD /* AppDelegate.swift in Sources */,
				59457BFA258F2D3F00AEC4FD /* SceneDelegate.swift in Sources */,
			);
			runOnlyForDeploymentPostprocessing = 0;
		};
/* End PBXSourcesBuildPhase section */

/* Begin PBXVariantGroup section */
		59457BFD258F2D3F00AEC4FD /* Main.storyboard */ = {
			isa = PBXVariantGroup;
			children = (
				59457BFE258F2D3F00AEC4FD /* Base */,
			);
			name = Main.storyboard;
			sourceTree = "<group>";
		};
		59457C02258F2D4400AEC4FD /* LaunchScreen.storyboard */ = {
			isa = PBXVariantGroup;
			children = (
				59457C03258F2D4400AEC4FD /* Base */,
			);
			name = LaunchScreen.storyboard;
			sourceTree = "<group>";
		};
/* End PBXVariantGroup section */

/* Begin XCBuildConfiguration section */
		59457C06258F2D4400AEC4FD /* Debug */ = {
			isa = XCBuildConfiguration;
			buildSettings = {
				ALWAYS_SEARCH_USER_PATHS = NO;
				CLANG_ANALYZER_NONNULL = YES;
				CLANG_ANALYZER_NUMBER_OBJECT_CONVERSION = YES_AGGRESSIVE;
				CLANG_CXX_LANGUAGE_STANDARD = "gnu++14";
				CLANG_CXX_LIBRARY = "libc++";
				CLANG_ENABLE_MODULES = YES;
				CLANG_ENABLE_OBJC_ARC = YES;
				CLANG_ENABLE_OBJC_WEAK = YES;
				CLANG_WARN_BLOCK_CAPTURE_AUTORELEASING = YES;
				CLANG_WARN_BOOL_CONVERSION = YES;
				CLANG_WARN_COMMA = YES;
				CLANG_WARN_CONSTANT_CONVERSION = YES;
				CLANG_WARN_DEPRECATED_OBJC_IMPLEMENTATIONS = YES;
				CLANG_WARN_DIRECT_OBJC_ISA_USAGE = YES_ERROR;
				CLANG_WARN_DOCUMENTATION_COMMENTS = YES;
				CLANG_WARN_EMPTY_BODY = YES;
				CLANG_WARN_ENUM_CONVERSION = YES;
				CLANG_WARN_INFINITE_RECURSION = YES;
				CLANG_WARN_INT_CONVERSION = YES;
				CLANG_WARN_NON_LITERAL_NULL_CONVERSION = YES;
				CLANG_WARN_OBJC_IMPLICIT_RETAIN_SELF = YES;
				CLANG_WARN_OBJC_LITERAL_CONVERSION = YES;
				CLANG_WARN_OBJC_ROOT_CLASS = YES_ERROR;
				CLANG_WARN_QUOTED_INCLUDE_IN_FRAMEWORK_HEADER = YES;
				CLANG_WARN_RANGE_LOOP_ANALYSIS = YES;
				CLANG_WARN_STRICT_PROTOTYPES = YES;
				CLANG_WARN_SUSPICIOUS_MOVE = YES;
				CLANG_WARN_UNGUARDED_AVAILABILITY = YES_AGGRESSIVE;
				CLANG_WARN_UNREACHABLE_CODE = YES;
				CLANG_WARN__DUPLICATE_METHOD_MATCH = YES;
				COPY_PHASE_STRIP = NO;
				DEBUG_INFORMATION_FORMAT = dwarf;
				ENABLE_STRICT_OBJC_MSGSEND = YES;
				ENABLE_TESTABILITY = YES;
				GCC_C_LANGUAGE_STANDARD = gnu11;
				GCC_DYNAMIC_NO_PIC = NO;
				GCC_NO_COMMON_BLOCKS = YES;
				GCC_OPTIMIZATION_LEVEL = 0;
				GCC_PREPROCESSOR_DEFINITIONS = (
					"DEBUG=1",
					"$(inherited)",
				);
				GCC_WARN_64_TO_32_BIT_CONVERSION = YES;
				GCC_WARN_ABOUT_RETURN_TYPE = YES_ERROR;
				GCC_WARN_UNDECLARED_SELECTOR = YES;
				GCC_WARN_UNINITIALIZED_AUTOS = YES_AGGRESSIVE;
				GCC_WARN_UNUSED_FUNCTION = YES;
				GCC_WARN_UNUSED_VARIABLE = YES;
				IPHONEOS_DEPLOYMENT_TARGET = 14.3;
				MTL_ENABLE_DEBUG_INFO = INCLUDE_SOURCE;
				MTL_FAST_MATH = YES;
				ONLY_ACTIVE_ARCH = YES;
				SDKROOT = iphoneos;
				SWIFT_ACTIVE_COMPILATION_CONDITIONS = DEBUG;
				SWIFT_OPTIMIZATION_LEVEL = "-Onone";
			};
			name = Debug;
		};
		59457C07258F2D4400AEC4FD /* Release */ = {
			isa = XCBuildConfiguration;
			buildSettings = {
				ALWAYS_SEARCH_USER_PATHS = NO;
				CLANG_ANALYZER_NONNULL = YES;
				CLANG_ANALYZER_NUMBER_OBJECT_CONVERSION = YES_AGGRESSIVE;
				CLANG_CXX_LANGUAGE_STANDARD = "gnu++14";
				CLANG_CXX_LIBRARY = "libc++";
				CLANG_ENABLE_MODULES = YES;
				CLANG_ENABLE_OBJC_ARC = YES;
				CLANG_ENABLE_OBJC_WEAK = YES;
				CLANG_WARN_BLOCK_CAPTURE_AUTORELEASING = YES;
				CLANG_WARN_BOOL_CONVERSION = YES;
				CLANG_WARN_COMMA = YES;
				CLANG_WARN_CONSTANT_CONVERSION = YES;
				CLANG_WARN_DEPRECATED_OBJC_IMPLEMENTATIONS = YES;
				CLANG_WARN_DIRECT_OBJC_ISA_USAGE = YES_ERROR;
				CLANG_WARN_DOCUMENTATION_COMMENTS = YES;
				CLANG_WARN_EMPTY_BODY = YES;
				CLANG_WARN_ENUM_CONVERSION = YES;
				CLANG_WARN_INFINITE_RECURSION = YES;
				CLANG_WARN_INT_CONVERSION = YES;
				CLANG_WARN_NON_LITERAL_NULL_CONVERSION = YES;
				CLANG_WARN_OBJC_IMPLICIT_RETAIN_SELF = YES;
				CLANG_WARN_OBJC_LITERAL_CONVERSION = YES;
				CLANG_WARN_OBJC_ROOT_CLASS = YES_ERROR;
				CLANG_WARN_QUOTED_INCLUDE_IN_FRAMEWORK_HEADER = YES;
				CLANG_WARN_RANGE_LOOP_ANALYSIS = YES;
				CLANG_WARN_STRICT_PROTOTYPES = YES;
				CLANG_WARN_SUSPICIOUS_MOVE = YES;
				CLANG_WARN_UNGUARDED_AVAILABILITY = YES_AGGRESSIVE;
				CLANG_WARN_UNREACHABLE_CODE = YES;
				CLANG_WARN__DUPLICATE_METHOD_MATCH = YES;
				COPY_PHASE_STRIP = NO;
				DEBUG_INFORMATION_FORMAT = "dwarf-with-dsym";
				ENABLE_NS_ASSERTIONS = NO;
				ENABLE_STRICT_OBJC_MSGSEND = YES;
				GCC_C_LANGUAGE_STANDARD = gnu11;
				GCC_NO_COMMON_BLOCKS = YES;
				GCC_WARN_64_TO_32_BIT_CONVERSION = YES;
				GCC_WARN_ABOUT_RETURN_TYPE = YES_ERROR;
				GCC_WARN_UNDECLARED_SELECTOR = YES;
				GCC_WARN_UNINITIALIZED_AUTOS = YES_AGGRESSIVE;
				GCC_WARN_UNUSED_FUNCTION = YES;
				GCC_WARN_UNUSED_VARIABLE = YES;
				IPHONEOS_DEPLOYMENT_TARGET = 14.3;
				MTL_ENABLE_DEBUG_INFO = NO;
				MTL_FAST_MATH = YES;
				SDKROOT = iphoneos;
				SWIFT_COMPILATION_MODE = wholemodule;
				SWIFT_OPTIMIZATION_LEVEL = "-O";
				VALIDATE_PRODUCT = YES;
			};
			name = Release;
		};
		59457C09258F2D4400AEC4FD /* Debug */ = {
			isa = XCBuildConfiguration;
			buildSettings = {
				ASSETCATALOG_COMPILER_APPICON_NAME = AppIcon;
				ASSETCATALOG_COMPILER_GLOBAL_ACCENT_COLOR_NAME = AccentColor;
				CODE_SIGN_STYLE = Automatic;
				DEVELOPMENT_TEAM = 256H88RX93;
				INFOPLIST_FILE = HelloPlayAudio/Info.plist;
				LD_RUNPATH_SEARCH_PATHS = (
					"$(inherited)",
					"@executable_path/Frameworks",
				);
				PRODUCT_BUNDLE_IDENTIFIER = com.eavictor.HelloPlayAudio;
				PRODUCT_NAME = "$(TARGET_NAME)";
				SWIFT_VERSION = 5.0;
				TARGETED_DEVICE_FAMILY = "1,2";
			};
			name = Debug;
		};
		59457C0A258F2D4400AEC4FD /* Release */ = {
			isa = XCBuildConfiguration;
			buildSettings = {
				ASSETCATALOG_COMPILER_APPICON_NAME = AppIcon;
				ASSETCATALOG_COMPILER_GLOBAL_ACCENT_COLOR_NAME = AccentColor;
				CODE_SIGN_STYLE = Automatic;
				DEVELOPMENT_TEAM = 256H88RX93;
				INFOPLIST_FILE = HelloPlayAudio/Info.plist;
				LD_RUNPATH_SEARCH_PATHS = (
					"$(inherited)",
					"@executable_path/Frameworks",
				);
				PRODUCT_BUNDLE_IDENTIFIER = com.eavictor.HelloPlayAudio;
				PRODUCT_NAME = "$(TARGET_NAME)";
				SWIFT_VERSION = 5.0;
				TARGETED_DEVICE_FAMILY = "1,2";
			};
			name = Release;
		};
/* End XCBuildConfiguration section */

/* Begin XCConfigurationList section */
		59457BEF258F2D3F00AEC4FD /* Build configuration list for PBXProject "HelloPlayAudio" */ = {
			isa = XCConfigurationList;
			buildConfigurations = (
				59457C06258F2D4400AEC4FD /* Debug */,
				59457C07258F2D4400AEC4FD /* Release */,
			);
			defaultConfigurationIsVisible = 0;
			defaultConfigurationName = Release;
		};
		59457C08258F2D4400AEC4FD /* Build configuration list for PBXNativeTarget "HelloPlayAudio" */ = {
			isa = XCConfigurationList;
			buildConfigurations = (
				59457C09258F2D4400AEC4FD /* Debug */,
				59457C0A258F2D4400AEC4FD /* Release */,
			);
			defaultConfigurationIsVisible = 0;
			defaultConfigurationName = Release;
		};
/* End XCConfigurationList section */
	};
	rootObject = 59457BEC258F2D3F00AEC4FD /* Project object */;
}
