// !$*UTF8*$!
{
	archiveVersion = 1;
	classes = {
	};
	objectVersion = 50;
	objects = {

/* Begin PBXBuildFile section */
		59DD26B925BF23B400A8A3A3 /* AppDelegate.swift in Sources */ = {isa = PBXBuildFile; fileRef = 59DD26B825BF23B400A8A3A3 /* AppDelegate.swift */; };
		59DD26BB25BF23B400A8A3A3 /* SceneDelegate.swift in Sources */ = {isa = PBXBuildFile; fileRef = 59DD26BA25BF23B400A8A3A3 /* SceneDelegate.swift */; };
		59DD26BD25BF23B400A8A3A3 /* ViewController.swift in Sources */ = {isa = PBXBuildFile; fileRef = 59DD26BC25BF23B400A8A3A3 /* ViewController.swift */; };
		59DD26C025BF23B400A8A3A3 /* Main.storyboard in Resources */ = {isa = PBXBuildFile; fileRef = 59DD26BE25BF23B400A8A3A3 /* Main.storyboard */; };
		59DD26C225BF23B600A8A3A3 /* Assets.xcassets in Resources */ = {isa = PBXBuildFile; fileRef = 59DD26C125BF23B600A8A3A3 /* Assets.xcassets */; };
		59DD26C525BF23B600A8A3A3 /* LaunchScreen.storyboard in Resources */ = {isa = PBXBuildFile; fileRef = 59DD26C325BF23B600A8A3A3 /* LaunchScreen.storyboard */; };
		59DD26D125BFE57A00A8A3A3 /* Media.scnassets in Resources */ = {isa = PBXBuildFile; fileRef = 59DD26D025BFE57A00A8A3A3 /* Media.scnassets */; };
/* End PBXBuildFile section */

/* Begin PBXFileReference section */
		59DD26B525BF23B400A8A3A3 /* ARShooter.app */ = {isa = PBXFileReference; explicitFileType = wrapper.application; includeInIndex = 0; path = ARShooter.app; sourceTree = BUILT_PRODUCTS_DIR; };
		59DD26B825BF23B400A8A3A3 /* AppDelegate.swift */ = {isa = PBXFileReference; lastKnownFileType = sourcecode.swift; path = AppDelegate.swift; sourceTree = "<group>"; };
		59DD26BA25BF23B400A8A3A3 /* SceneDelegate.swift */ = {isa = PBXFileReference; lastKnownFileType = sourcecode.swift; path = SceneDelegate.swift; sourceTree = "<group>"; };
		59DD26BC25BF23B400A8A3A3 /* ViewController.swift */ = {isa = PBXFileReference; lastKnownFileType = sourcecode.swift; path = ViewController.swift; sourceTree = "<group>"; };
		59DD26BF25BF23B400A8A3A3 /* Base */ = {isa = PBXFileReference; lastKnownFileType = file.storyboard; name = Base; path = Base.lproj/Main.storyboard; sourceTree = "<group>"; };
		59DD26C125BF23B600A8A3A3 /* Assets.xcassets */ = {isa = PBXFileReference; lastKnownFileType = folder.assetcatalog; path = Assets.xcassets; sourceTree = "<group>"; };
		59DD26C425BF23B600A8A3A3 /* Base */ = {isa = PBXFileReference; lastKnownFileType = file.storyboard; name = Base; path = Base.lproj/LaunchScreen.storyboard; sourceTree = "<group>"; };
		59DD26C625BF23B600A8A3A3 /* Info.plist */ = {isa = PBXFileReference; lastKnownFileType = text.plist.xml; path = Info.plist; sourceTree = "<group>"; };
		59DD26D025BFE57A00A8A3A3 /* Media.scnassets */ = {isa = PBXFileReference; lastKnownFileType = wrapper.scnassets; path = Media.scnassets; sourceTree = "<group>"; };
/* End PBXFileReference section */

/* Begin PBXFrameworksBuildPhase section */
		59DD26B225BF23B400A8A3A3 /* Frameworks */ = {
			isa = PBXFrameworksBuildPhase;
			buildActionMask = 2147483647;
			files = (
			);
			runOnlyForDeploymentPostprocessing = 0;
		};
/* End PBXFrameworksBuildPhase section */

/* Begin PBXGroup section */
		59DD26AC25BF23B400A8A3A3 = {
			isa = PBXGroup;
			children = (
				59DD26B725BF23B400A8A3A3 /* ARShooter */,
				59DD26B625BF23B400A8A3A3 /* Products */,
			);
			sourceTree = "<group>";
		};
		59DD26B625BF23B400A8A3A3 /* Products */ = {
			isa = PBXGroup;
			children = (
				59DD26B525BF23B400A8A3A3 /* ARShooter.app */,
			);
			name = Products;
			sourceTree = "<group>";
		};
		59DD26B725BF23B400A8A3A3 /* ARShooter */ = {
			isa = PBXGroup;
			children = (
				59DD26B825BF23B400A8A3A3 /* AppDelegate.swift */,
				59DD26BA25BF23B400A8A3A3 /* SceneDelegate.swift */,
				59DD26BC25BF23B400A8A3A3 /* ViewController.swift */,
				59DD26BE25BF23B400A8A3A3 /* Main.storyboard */,
				59DD26C125BF23B600A8A3A3 /* Assets.xcassets */,
				59DD26C325BF23B600A8A3A3 /* LaunchScreen.storyboard */,
				59DD26C625BF23B600A8A3A3 /* Info.plist */,
				59DD26D025BFE57A00A8A3A3 /* Media.scnassets */,
			);
			path = ARShooter;
			sourceTree = "<group>";
		};
/* End PBXGroup section */

/* Begin PBXNativeTarget section */
		59DD26B425BF23B400A8A3A3 /* ARShooter */ = {
			isa = PBXNativeTarget;
			buildConfigurationList = 59DD26C925BF23B600A8A3A3 /* Build configuration list for PBXNativeTarget "ARShooter" */;
			buildPhases = (
				59DD26B125BF23B400A8A3A3 /* Sources */,
				59DD26B225BF23B400A8A3A3 /* Frameworks */,
				59DD26B325BF23B400A8A3A3 /* Resources */,
			);
			buildRules = (
			);
			dependencies = (
			);
			name = ARShooter;
			productName = ARShooter;
			productReference = 59DD26B525BF23B400A8A3A3 /* ARShooter.app */;
			productType = "com.apple.product-type.application";
		};
/* End PBXNativeTarget section */

/* Begin PBXProject section */
		59DD26AD25BF23B400A8A3A3 /* Project object */ = {
			isa = PBXProject;
			attributes = {
				LastSwiftUpdateCheck = 1230;
				LastUpgradeCheck = 1230;
				TargetAttributes = {
					59DD26B425BF23B400A8A3A3 = {
						CreatedOnToolsVersion = 12.3;
					};
				};
			};
			buildConfigurationList = 59DD26B025BF23B400A8A3A3 /* Build configuration list for PBXProject "ARShooter" */;
			compatibilityVersion = "Xcode 9.3";
			developmentRegion = en;
			hasScannedForEncodings = 0;
			knownRegions = (
				en,
				Base,
			);
			mainGroup = 59DD26AC25BF23B400A8A3A3;
			productRefGroup = 59DD26B625BF23B400A8A3A3 /* Products */;
			projectDirPath = "";
			projectRoot = "";
			targets = (
				59DD26B425BF23B400A8A3A3 /* ARShooter */,
			);
		};
/* End PBXProject section */

/* Begin PBXResourcesBuildPhase section */
		59DD26B325BF23B400A8A3A3 /* Resources */ = {
			isa = PBXResourcesBuildPhase;
			buildActionMask = 2147483647;
			files = (
				59DD26C525BF23B600A8A3A3 /* LaunchScreen.storyboard in Resources */,
				59DD26C225BF23B600A8A3A3 /* Assets.xcassets in Resources */,
				59DD26C025BF23B400A8A3A3 /* Main.storyboard in Resources */,
				59DD26D125BFE57A00A8A3A3 /* Media.scnassets in Resources */,
			);
			runOnlyForDeploymentPostprocessing = 0;
		};
/* End PBXResourcesBuildPhase section */

/* Begin PBXSourcesBuildPhase section */
		59DD26B125BF23B400A8A3A3 /* Sources */ = {
			isa = PBXSourcesBuildPhase;
			buildActionMask = 2147483647;
			files = (
				59DD26BD25BF23B400A8A3A3 /* ViewController.swift in Sources */,
				59DD26B925BF23B400A8A3A3 /* AppDelegate.swift in Sources */,
				59DD26BB25BF23B400A8A3A3 /* SceneDelegate.swift in Sources */,
			);
			runOnlyForDeploymentPostprocessing = 0;
		};
/* End PBXSourcesBuildPhase section */

/* Begin PBXVariantGroup section */
		59DD26BE25BF23B400A8A3A3 /* Main.storyboard */ = {
			isa = PBXVariantGroup;
			children = (
				59DD26BF25BF23B400A8A3A3 /* Base */,
			);
			name = Main.storyboard;
			sourceTree = "<group>";
		};
		59DD26C325BF23B600A8A3A3 /* LaunchScreen.storyboard */ = {
			isa = PBXVariantGroup;
			children = (
				59DD26C425BF23B600A8A3A3 /* Base */,
			);
			name = LaunchScreen.storyboard;
			sourceTree = "<group>";
		};
/* End PBXVariantGroup section */

/* Begin XCBuildConfiguration section */
		59DD26C725BF23B600A8A3A3 /* Debug */ = {
			isa = XCBuildConfiguration;
			buildSettings = {
				ALWAYS_SEARCH_USER_PATHS = NO;
				CLANG_ANALYZER_NONNULL = YES;
				CLANG_ANALYZER_NUMBER_OBJECT_CONVERSION = YES_AGGRESSIVE;
				CLANG_CXX_LANGUAGE_STANDARD = "gnu++14";
				CLANG_CXX_LIBRARY = "libc++";
				CLANG_ENABLE_MODULES = YES;
				CLANG_ENABLE_OBJC_ARC = YES;
				CLANG_ENABLE_OBJC_WEAK = YES;
				CLANG_WARN_BLOCK_CAPTURE_AUTORELEASING = YES;
				CLANG_WARN_BOOL_CONVERSION = YES;
				CLANG_WARN_COMMA = YES;
				CLANG_WARN_CONSTANT_CONVERSION = YES;
				CLANG_WARN_DEPRECATED_OBJC_IMPLEMENTATIONS = YES;
				CLANG_WARN_DIRECT_OBJC_ISA_USAGE = YES_ERROR;
				CLANG_WARN_DOCUMENTATION_COMMENTS = YES;
				CLANG_WARN_EMPTY_BODY = YES;
				CLANG_WARN_ENUM_CONVERSION = YES;
				CLANG_WARN_INFINITE_RECURSION = YES;
				CLANG_WARN_INT_CONVERSION = YES;
				CLANG_WARN_NON_LITERAL_NULL_CONVERSION = YES;
				CLANG_WARN_OBJC_IMPLICIT_RETAIN_SELF = YES;
				CLANG_WARN_OBJC_LITERAL_CONVERSION = YES;
				CLANG_WARN_OBJC_ROOT_CLASS = YES_ERROR;
				CLANG_WARN_QUOTED_INCLUDE_IN_FRAMEWORK_HEADER = YES;
				CLANG_WARN_RANGE_LOOP_ANALYSIS = YES;
				CLANG_WARN_STRICT_PROTOTYPES = YES;
				CLANG_WARN_SUSPICIOUS_MOVE = YES;
				CLANG_WARN_UNGUARDED_AVAILABILITY = YES_AGGRESSIVE;
				CLANG_WARN_UNREACHABLE_CODE = YES;
				CLANG_WARN__DUPLICATE_METHOD_MATCH = YES;
				COPY_PHASE_STRIP = NO;
				DEBUG_INFORMATION_FORMAT = dwarf;
				ENABLE_STRICT_OBJC_MSGSEND = YES;
				ENABLE_TESTABILITY = YES;
				GCC_C_LANGUAGE_STANDARD = gnu11;
				GCC_DYNAMIC_NO_PIC = NO;
				GCC_NO_COMMON_BLOCKS = YES;
				GCC_OPTIMIZATION_LEVEL = 0;
				GCC_PREPROCESSOR_DEFINITIONS = (
					"DEBUG=1",
					"$(inherited)",
				);
				GCC_WARN_64_TO_32_BIT_CONVERSION = YES;
				GCC_WARN_ABOUT_RETURN_TYPE = YES_ERROR;
				GCC_WARN_UNDECLARED_SELECTOR = YES;
				GCC_WARN_UNINITIALIZED_AUTOS = YES_AGGRESSIVE;
				GCC_WARN_UNUSED_FUNCTION = YES;
				GCC_WARN_UNUSED_VARIABLE = YES;
				IPHONEOS_DEPLOYMENT_TARGET = 14.3;
				MTL_ENABLE_DEBUG_INFO = INCLUDE_SOURCE;
				MTL_FAST_MATH = YES;
				ONLY_ACTIVE_ARCH = YES;
				SDKROOT = iphoneos;
				SWIFT_ACTIVE_COMPILATION_CONDITIONS = DEBUG;
				SWIFT_OPTIMIZATION_LEVEL = "-Onone";
			};
			name = Debug;
		};
		59DD26C825BF23B600A8A3A3 /* Release */ = {
			isa = XCBuildConfiguration;
			buildSettings = {
				ALWAYS_SEARCH_USER_PATHS = NO;
				CLANG_ANALYZER_NONNULL = YES;
				CLANG_ANALYZER_NUMBER_OBJECT_CONVERSION = YES_AGGRESSIVE;
				CLANG_CXX_LANGUAGE_STANDARD = "gnu++14";
				CLANG_CXX_LIBRARY = "libc++";
				CLANG_ENABLE_MODULES = YES;
				CLANG_ENABLE_OBJC_ARC = YES;
				CLANG_ENABLE_OBJC_WEAK = YES;
				CLANG_WARN_BLOCK_CAPTURE_AUTORELEASING = YES;
				CLANG_WARN_BOOL_CONVERSION = YES;
				CLANG_WARN_COMMA = YES;
				CLANG_WARN_CONSTANT_CONVERSION = YES;
				CLANG_WARN_DEPRECATED_OBJC_IMPLEMENTATIONS = YES;
				CLANG_WARN_DIRECT_OBJC_ISA_USAGE = YES_ERROR;
				CLANG_WARN_DOCUMENTATION_COMMENTS = YES;
				CLANG_WARN_EMPTY_BODY = YES;
				CLANG_WARN_ENUM_CONVERSION = YES;
				CLANG_WARN_INFINITE_RECURSION = YES;
				CLANG_WARN_INT_CONVERSION = YES;
				CLANG_WARN_NON_LITERAL_NULL_CONVERSION = YES;
				CLANG_WARN_OBJC_IMPLICIT_RETAIN_SELF = YES;
				CLANG_WARN_OBJC_LITERAL_CONVERSION = YES;
				CLANG_WARN_OBJC_ROOT_CLASS = YES_ERROR;
				CLANG_WARN_QUOTED_INCLUDE_IN_FRAMEWORK_HEADER = YES;
				CLANG_WARN_RANGE_LOOP_ANALYSIS = YES;
				CLANG_WARN_STRICT_PROTOTYPES = YES;
				CLANG_WARN_SUSPICIOUS_MOVE = YES;
				CLANG_WARN_UNGUARDED_AVAILABILITY = YES_AGGRESSIVE;
				CLANG_WARN_UNREACHABLE_CODE = YES;
				CLANG_WARN__DUPLICATE_METHOD_MATCH = YES;
				COPY_PHASE_STRIP = NO;
				DEBUG_INFORMATION_FORMAT = "dwarf-with-dsym";
				ENABLE_NS_ASSERTIONS = NO;
				ENABLE_STRICT_OBJC_MSGSEND = YES;
				GCC_C_LANGUAGE_STANDARD = gnu11;
				GCC_NO_COMMON_BLOCKS = YES;
				GCC_WARN_64_TO_32_BIT_CONVERSION = YES;
				GCC_WARN_ABOUT_RETURN_TYPE = YES_ERROR;
				GCC_WARN_UNDECLARED_SELECTOR = YES;
				GCC_WARN_UNINITIALIZED_AUTOS = YES_AGGRESSIVE;
				GCC_WARN_UNUSED_FUNCTION = YES;
				GCC_WARN_UNUSED_VARIABLE = YES;
				IPHONEOS_DEPLOYMENT_TARGET = 14.3;
				MTL_ENABLE_DEBUG_INFO = NO;
				MTL_FAST_MATH = YES;
				SDKROOT = iphoneos;
				SWIFT_COMPILATION_MODE = wholemodule;
				SWIFT_OPTIMIZATION_LEVEL = "-O";
				VALIDATE_PRODUCT = YES;
			};
			name = Release;
		};
		59DD26CA25BF23B600A8A3A3 /* Debug */ = {
			isa = XCBuildConfiguration;
			buildSettings = {
				ASSETCATALOG_COMPILER_APPICON_NAME = AppIcon;
				ASSETCATALOG_COMPILER_GLOBAL_ACCENT_COLOR_NAME = AccentColor;
				CODE_SIGN_STYLE = Automatic;
				DEVELOPMENT_TEAM = 256H88RX93;
				INFOPLIST_FILE = ARShooter/Info.plist;
				LD_RUNPATH_SEARCH_PATHS = (
					"$(inherited)",
					"@executable_path/Frameworks",
				);
				PRODUCT_BUNDLE_IDENTIFIER = com.eavictor.ARShooter;
				PRODUCT_NAME = "$(TARGET_NAME)";
				SWIFT_VERSION = 5.0;
				TARGETED_DEVICE_FAMILY = "1,2";
			};
			name = Debug;
		};
		59DD26CB25BF23B600A8A3A3 /* Release */ = {
			isa = XCBuildConfiguration;
			buildSettings = {
				ASSETCATALOG_COMPILER_APPICON_NAME = AppIcon;
				ASSETCATALOG_COMPILER_GLOBAL_ACCENT_COLOR_NAME = AccentColor;
				CODE_SIGN_STYLE = Automatic;
				DEVELOPMENT_TEAM = 256H88RX93;
				INFOPLIST_FILE = ARShooter/Info.plist;
				LD_RUNPATH_SEARCH_PATHS = (
					"$(inherited)",
					"@executable_path/Frameworks",
				);
				PRODUCT_BUNDLE_IDENTIFIER = com.eavictor.ARShooter;
				PRODUCT_NAME = "$(TARGET_NAME)";
				SWIFT_VERSION = 5.0;
				TARGETED_DEVICE_FAMILY = "1,2";
			};
			name = Release;
		};
/* End XCBuildConfiguration section */

/* Begin XCConfigurationList section */
		59DD26B025BF23B400A8A3A3 /* Build configuration list for PBXProject "ARShooter" */ = {
			isa = XCConfigurationList;
			buildConfigurations = (
				59DD26C725BF23B600A8A3A3 /* Debug */,
				59DD26C825BF23B600A8A3A3 /* Release */,
			);
			defaultConfigurationIsVisible = 0;
			defaultConfigurationName = Release;
		};
		59DD26C925BF23B600A8A3A3 /* Build configuration list for PBXNativeTarget "ARShooter" */ = {
			isa = XCConfigurationList;
			buildConfigurations = (
				59DD26CA25BF23B600A8A3A3 /* Debug */,
				59DD26CB25BF23B600A8A3A3 /* Release */,
			);
			defaultConfigurationIsVisible = 0;
			defaultConfigurationName = Release;
		};
/* End XCConfigurationList section */
	};
	rootObject = 59DD26AD25BF23B400A8A3A3 /* Project object */;
}
