// !$*UTF8*$!
{
	archiveVersion = 1;
	classes = {
	};
	objectVersion = 50;
	objects = {

/* Begin PBXBuildFile section */
		59457AF0258B1CE400AEC4FD /* AppDelegate.swift in Sources */ = {isa = PBXBuildFile; fileRef = 59457AEF258B1CE400AEC4FD /* AppDelegate.swift */; };
		59457AF2258B1CE400AEC4FD /* SceneDelegate.swift in Sources */ = {isa = PBXBuildFile; fileRef = 59457AF1258B1CE400AEC4FD /* SceneDelegate.swift */; };
		59457AF4258B1CE400AEC4FD /* ViewController.swift in Sources */ = {isa = PBXBuildFile; fileRef = 59457AF3258B1CE400AEC4FD /* ViewController.swift */; };
		59457AF7258B1CE400AEC4FD /* Main.storyboard in Resources */ = {isa = PBXBuildFile; fileRef = 59457AF5258B1CE400AEC4FD /* Main.storyboard */; };
		59457AF9258B1CE700AEC4FD /* Assets.xcassets in Resources */ = {isa = PBXBuildFile; fileRef = 59457AF8258B1CE700AEC4FD /* Assets.xcassets */; };
		59457AFC258B1CE700AEC4FD /* LaunchScreen.storyboard in Resources */ = {isa = PBXBuildFile; fileRef = 59457AFA258B1CE700AEC4FD /* LaunchScreen.storyboard */; };
/* End PBXBuildFile section */

/* Begin PBXFileReference section */
		59457AEC258B1CE400AEC4FD /* ColorFinder.app */ = {isa = PBXFileReference; explicitFileType = wrapper.application; includeInIndex = 0; path = ColorFinder.app; sourceTree = BUILT_PRODUCTS_DIR; };
		59457AEF258B1CE400AEC4FD /* AppDelegate.swift */ = {isa = PBXFileReference; lastKnownFileType = sourcecode.swift; path = AppDelegate.swift; sourceTree = "<group>"; };
		59457AF1258B1CE400AEC4FD /* SceneDelegate.swift */ = {isa = PBXFileReference; lastKnownFileType = sourcecode.swift; path = SceneDelegate.swift; sourceTree = "<group>"; };
		59457AF3258B1CE400AEC4FD /* ViewController.swift */ = {isa = PBXFileReference; lastKnownFileType = sourcecode.swift; path = ViewController.swift; sourceTree = "<group>"; };
		59457AF6258B1CE400AEC4FD /* Base */ = {isa = PBXFileReference; lastKnownFileType = file.storyboard; name = Base; path = Base.lproj/Main.storyboard; sourceTree = "<group>"; };
		59457AF8258B1CE700AEC4FD /* Assets.xcassets */ = {isa = PBXFileReference; lastKnownFileType = folder.assetcatalog; path = Assets.xcassets; sourceTree = "<group>"; };
		59457AFB258B1CE700AEC4FD /* Base */ = {isa = PBXFileReference; lastKnownFileType = file.storyboard; name = Base; path = Base.lproj/LaunchScreen.storyboard; sourceTree = "<group>"; };
		59457AFD258B1CE700AEC4FD /* Info.plist */ = {isa = PBXFileReference; lastKnownFileType = text.plist.xml; path = Info.plist; sourceTree = "<group>"; };
/* End PBXFileReference section */

/* Begin PBXFrameworksBuildPhase section */
		59457AE9258B1CE400AEC4FD /* Frameworks */ = {
			isa = PBXFrameworksBuildPhase;
			buildActionMask = 2147483647;
			files = (
			);
			runOnlyForDeploymentPostprocessing = 0;
		};
/* End PBXFrameworksBuildPhase section */

/* Begin PBXGroup section */
		59457AE3258B1CE400AEC4FD = {
			isa = PBXGroup;
			children = (
				59457AEE258B1CE400AEC4FD /* ColorFinder */,
				59457AED258B1CE400AEC4FD /* Products */,
			);
			sourceTree = "<group>";
		};
		59457AED258B1CE400AEC4FD /* Products */ = {
			isa = PBXGroup;
			children = (
				59457AEC258B1CE400AEC4FD /* ColorFinder.app */,
			);
			name = Products;
			sourceTree = "<group>";
		};
		59457AEE258B1CE400AEC4FD /* ColorFinder */ = {
			isa = PBXGroup;
			children = (
				59457AEF258B1CE400AEC4FD /* AppDelegate.swift */,
				59457AF1258B1CE400AEC4FD /* SceneDelegate.swift */,
				59457AF3258B1CE400AEC4FD /* ViewController.swift */,
				59457AF5258B1CE400AEC4FD /* Main.storyboard */,
				59457AF8258B1CE700AEC4FD /* Assets.xcassets */,
				59457AFA258B1CE700AEC4FD /* LaunchScreen.storyboard */,
				59457AFD258B1CE700AEC4FD /* Info.plist */,
			);
			path = ColorFinder;
			sourceTree = "<group>";
		};
/* End PBXGroup section */

/* Begin PBXNativeTarget section */
		59457AEB258B1CE400AEC4FD /* ColorFinder */ = {
			isa = PBXNativeTarget;
			buildConfigurationList = 59457B00258B1CE700AEC4FD /* Build configuration list for PBXNativeTarget "ColorFinder" */;
			buildPhases = (
				59457AE8258B1CE400AEC4FD /* Sources */,
				59457AE9258B1CE400AEC4FD /* Frameworks */,
				59457AEA258B1CE400AEC4FD /* Resources */,
			);
			buildRules = (
			);
			dependencies = (
			);
			name = ColorFinder;
			productName = ColorFinder;
			productReference = 59457AEC258B1CE400AEC4FD /* ColorFinder.app */;
			productType = "com.apple.product-type.application";
		};
/* End PBXNativeTarget section */

/* Begin PBXProject section */
		59457AE4258B1CE400AEC4FD /* Project object */ = {
			isa = PBXProject;
			attributes = {
				LastSwiftUpdateCheck = 1230;
				LastUpgradeCheck = 1230;
				TargetAttributes = {
					59457AEB258B1CE400AEC4FD = {
						CreatedOnToolsVersion = 12.3;
					};
				};
			};
			buildConfigurationList = 59457AE7258B1CE400AEC4FD /* Build configuration list for PBXProject "ColorFinder" */;
			compatibilityVersion = "Xcode 9.3";
			developmentRegion = en;
			hasScannedForEncodings = 0;
			knownRegions = (
				en,
				Base,
			);
			mainGroup = 59457AE3258B1CE400AEC4FD;
			productRefGroup = 59457AED258B1CE400AEC4FD /* Products */;
			projectDirPath = "";
			projectRoot = "";
			targets = (
				59457AEB258B1CE400AEC4FD /* ColorFinder */,
			);
		};
/* End PBXProject section */

/* Begin PBXResourcesBuildPhase section */
		59457AEA258B1CE400AEC4FD /* Resources */ = {
			isa = PBXResourcesBuildPhase;
			buildActionMask = 2147483647;
			files = (
				59457AFC258B1CE700AEC4FD /* LaunchScreen.storyboard in Resources */,
				59457AF9258B1CE700AEC4FD /* Assets.xcassets in Resources */,
				59457AF7258B1CE400AEC4FD /* Main.storyboard in Resources */,
			);
			runOnlyForDeploymentPostprocessing = 0;
		};
/* End PBXResourcesBuildPhase section */

/* Begin PBXSourcesBuildPhase section */
		59457AE8258B1CE400AEC4FD /* Sources */ = {
			isa = PBXSourcesBuildPhase;
			buildActionMask = 2147483647;
			files = (
				59457AF4258B1CE400AEC4FD /* ViewController.swift in Sources */,
				59457AF0258B1CE400AEC4FD /* AppDelegate.swift in Sources */,
				59457AF2258B1CE400AEC4FD /* SceneDelegate.swift in Sources */,
			);
			runOnlyForDeploymentPostprocessing = 0;
		};
/* End PBXSourcesBuildPhase section */

/* Begin PBXVariantGroup section */
		59457AF5258B1CE400AEC4FD /* Main.storyboard */ = {
			isa = PBXVariantGroup;
			children = (
				59457AF6258B1CE400AEC4FD /* Base */,
			);
			name = Main.storyboard;
			sourceTree = "<group>";
		};
		59457AFA258B1CE700AEC4FD /* LaunchScreen.storyboard */ = {
			isa = PBXVariantGroup;
			children = (
				59457AFB258B1CE700AEC4FD /* Base */,
			);
			name = LaunchScreen.storyboard;
			sourceTree = "<group>";
		};
/* End PBXVariantGroup section */

/* Begin XCBuildConfiguration section */
		59457AFE258B1CE700AEC4FD /* Debug */ = {
			isa = XCBuildConfiguration;
			buildSettings = {
				ALWAYS_SEARCH_USER_PATHS = NO;
				CLANG_ANALYZER_NONNULL = YES;
				CLANG_ANALYZER_NUMBER_OBJECT_CONVERSION = YES_AGGRESSIVE;
				CLANG_CXX_LANGUAGE_STANDARD = "gnu++14";
				CLANG_CXX_LIBRARY = "libc++";
				CLANG_ENABLE_MODULES = YES;
				CLANG_ENABLE_OBJC_ARC = YES;
				CLANG_ENABLE_OBJC_WEAK = YES;
				CLANG_WARN_BLOCK_CAPTURE_AUTORELEASING = YES;
				CLANG_WARN_BOOL_CONVERSION = YES;
				CLANG_WARN_COMMA = YES;
				CLANG_WARN_CONSTANT_CONVERSION = YES;
				CLANG_WARN_DEPRECATED_OBJC_IMPLEMENTATIONS = YES;
				CLANG_WARN_DIRECT_OBJC_ISA_USAGE = YES_ERROR;
				CLANG_WARN_DOCUMENTATION_COMMENTS = YES;
				CLANG_WARN_EMPTY_BODY = YES;
				CLANG_WARN_ENUM_CONVERSION = YES;
				CLANG_WARN_INFINITE_RECURSION = YES;
				CLANG_WARN_INT_CONVERSION = YES;
				CLANG_WARN_NON_LITERAL_NULL_CONVERSION = YES;
				CLANG_WARN_OBJC_IMPLICIT_RETAIN_SELF = YES;
				CLANG_WARN_OBJC_LITERAL_CONVERSION = YES;
				CLANG_WARN_OBJC_ROOT_CLASS = YES_ERROR;
				CLANG_WARN_QUOTED_INCLUDE_IN_FRAMEWORK_HEADER = YES;
				CLANG_WARN_RANGE_LOOP_ANALYSIS = YES;
				CLANG_WARN_STRICT_PROTOTYPES = YES;
				CLANG_WARN_SUSPICIOUS_MOVE = YES;
				CLANG_WARN_UNGUARDED_AVAILABILITY = YES_AGGRESSIVE;
				CLANG_WARN_UNREACHABLE_CODE = YES;
				CLANG_WARN__DUPLICATE_METHOD_MATCH = YES;
				COPY_PHASE_STRIP = NO;
				DEBUG_INFORMATION_FORMAT = dwarf;
				ENABLE_STRICT_OBJC_MSGSEND = YES;
				ENABLE_TESTABILITY = YES;
				GCC_C_LANGUAGE_STANDARD = gnu11;
				GCC_DYNAMIC_NO_PIC = NO;
				GCC_NO_COMMON_BLOCKS = YES;
				GCC_OPTIMIZATION_LEVEL = 0;
				GCC_PREPROCESSOR_DEFINITIONS = (
					"DEBUG=1",
					"$(inherited)",
				);
				GCC_WARN_64_TO_32_BIT_CONVERSION = YES;
				GCC_WARN_ABOUT_RETURN_TYPE = YES_ERROR;
				GCC_WARN_UNDECLARED_SELECTOR = YES;
				GCC_WARN_UNINITIALIZED_AUTOS = YES_AGGRESSIVE;
				GCC_WARN_UNUSED_FUNCTION = YES;
				GCC_WARN_UNUSED_VARIABLE = YES;
				IPHONEOS_DEPLOYMENT_TARGET = 14.3;
				MTL_ENABLE_DEBUG_INFO = INCLUDE_SOURCE;
				MTL_FAST_MATH = YES;
				ONLY_ACTIVE_ARCH = YES;
				SDKROOT = iphoneos;
				SWIFT_ACTIVE_COMPILATION_CONDITIONS = DEBUG;
				SWIFT_OPTIMIZATION_LEVEL = "-Onone";
			};
			name = Debug;
		};
		59457AFF258B1CE700AEC4FD /* Release */ = {
			isa = XCBuildConfiguration;
			buildSettings = {
				ALWAYS_SEARCH_USER_PATHS = NO;
				CLANG_ANALYZER_NONNULL = YES;
				CLANG_ANALYZER_NUMBER_OBJECT_CONVERSION = YES_AGGRESSIVE;
				CLANG_CXX_LANGUAGE_STANDARD = "gnu++14";
				CLANG_CXX_LIBRARY = "libc++";
				CLANG_ENABLE_MODULES = YES;
				CLANG_ENABLE_OBJC_ARC = YES;
				CLANG_ENABLE_OBJC_WEAK = YES;
				CLANG_WARN_BLOCK_CAPTURE_AUTORELEASING = YES;
				CLANG_WARN_BOOL_CONVERSION = YES;
				CLANG_WARN_COMMA = YES;
				CLANG_WARN_CONSTANT_CONVERSION = YES;
				CLANG_WARN_DEPRECATED_OBJC_IMPLEMENTATIONS = YES;
				CLANG_WARN_DIRECT_OBJC_ISA_USAGE = YES_ERROR;
				CLANG_WARN_DOCUMENTATION_COMMENTS = YES;
				CLANG_WARN_EMPTY_BODY = YES;
				CLANG_WARN_ENUM_CONVERSION = YES;
				CLANG_WARN_INFINITE_RECURSION = YES;
				CLANG_WARN_INT_CONVERSION = YES;
				CLANG_WARN_NON_LITERAL_NULL_CONVERSION = YES;
				CLANG_WARN_OBJC_IMPLICIT_RETAIN_SELF = YES;
				CLANG_WARN_OBJC_LITERAL_CONVERSION = YES;
				CLANG_WARN_OBJC_ROOT_CLASS = YES_ERROR;
				CLANG_WARN_QUOTED_INCLUDE_IN_FRAMEWORK_HEADER = YES;
				CLANG_WARN_RANGE_LOOP_ANALYSIS = YES;
				CLANG_WARN_STRICT_PROTOTYPES = YES;
				CLANG_WARN_SUSPICIOUS_MOVE = YES;
				CLANG_WARN_UNGUARDED_AVAILABILITY = YES_AGGRESSIVE;
				CLANG_WARN_UNREACHABLE_CODE = YES;
				CLANG_WARN__DUPLICATE_METHOD_MATCH = YES;
				COPY_PHASE_STRIP = NO;
				DEBUG_INFORMATION_FORMAT = "dwarf-with-dsym";
				ENABLE_NS_ASSERTIONS = NO;
				ENABLE_STRICT_OBJC_MSGSEND = YES;
				GCC_C_LANGUAGE_STANDARD = gnu11;
				GCC_NO_COMMON_BLOCKS = YES;
				GCC_WARN_64_TO_32_BIT_CONVERSION = YES;
				GCC_WARN_ABOUT_RETURN_TYPE = YES_ERROR;
				GCC_WARN_UNDECLARED_SELECTOR = YES;
				GCC_WARN_UNINITIALIZED_AUTOS = YES_AGGRESSIVE;
				GCC_WARN_UNUSED_FUNCTION = YES;
				GCC_WARN_UNUSED_VARIABLE = YES;
				IPHONEOS_DEPLOYMENT_TARGET = 14.3;
				MTL_ENABLE_DEBUG_INFO = NO;
				MTL_FAST_MATH = YES;
				SDKROOT = iphoneos;
				SWIFT_COMPILATION_MODE = wholemodule;
				SWIFT_OPTIMIZATION_LEVEL = "-O";
				VALIDATE_PRODUCT = YES;
			};
			name = Release;
		};
		59457B01258B1CE700AEC4FD /* Debug */ = {
			isa = XCBuildConfiguration;
			buildSettings = {
				ASSETCATALOG_COMPILER_APPICON_NAME = AppIcon;
				ASSETCATALOG_COMPILER_GLOBAL_ACCENT_COLOR_NAME = AccentColor;
				CODE_SIGN_STYLE = Automatic;
				DEVELOPMENT_TEAM = 256H88RX93;
				INFOPLIST_FILE = ColorFinder/Info.plist;
				LD_RUNPATH_SEARCH_PATHS = (
					"$(inherited)",
					"@executable_path/Frameworks",
				);
				PRODUCT_BUNDLE_IDENTIFIER = com.eavictor.ColorFinder;
				PRODUCT_NAME = "$(TARGET_NAME)";
				SWIFT_VERSION = 5.0;
				TARGETED_DEVICE_FAMILY = "1,2";
			};
			name = Debug;
		};
		59457B02258B1CE700AEC4FD /* Release */ = {
			isa = XCBuildConfiguration;
			buildSettings = {
				ASSETCATALOG_COMPILER_APPICON_NAME = AppIcon;
				ASSETCATALOG_COMPILER_GLOBAL_ACCENT_COLOR_NAME = AccentColor;
				CODE_SIGN_STYLE = Automatic;
				DEVELOPMENT_TEAM = 256H88RX93;
				INFOPLIST_FILE = ColorFinder/Info.plist;
				LD_RUNPATH_SEARCH_PATHS = (
					"$(inherited)",
					"@executable_path/Frameworks",
				);
				PRODUCT_BUNDLE_IDENTIFIER = com.eavictor.ColorFinder;
				PRODUCT_NAME = "$(TARGET_NAME)";
				SWIFT_VERSION = 5.0;
				TARGETED_DEVICE_FAMILY = "1,2";
			};
			name = Release;
		};
/* End XCBuildConfiguration section */

/* Begin XCConfigurationList section */
		59457AE7258B1CE400AEC4FD /* Build configuration list for PBXProject "ColorFinder" */ = {
			isa = XCConfigurationList;
			buildConfigurations = (
				59457AFE258B1CE700AEC4FD /* Debug */,
				59457AFF258B1CE700AEC4FD /* Release */,
			);
			defaultConfigurationIsVisible = 0;
			defaultConfigurationName = Release;
		};
		59457B00258B1CE700AEC4FD /* Build configuration list for PBXNativeTarget "ColorFinder" */ = {
			isa = XCConfigurationList;
			buildConfigurations = (
				59457B01258B1CE700AEC4FD /* Debug */,
				59457B02258B1CE700AEC4FD /* Release */,
			);
			defaultConfigurationIsVisible = 0;
			defaultConfigurationName = Release;
		};
/* End XCConfigurationList section */
	};
	rootObject = 59457AE4258B1CE400AEC4FD /* Project object */;
}
